
Microsoft Visual Studio Solution File, Format Version 12.00
# Visual Studio Version 16
VisualStudioVersion = 16.0.31112.23
MinimumVisualStudioVersion = 10.0.40219.1
Project("{FAE04EC0-301F-11D3-BF4B-00C04F79EFBC}") = "DelagateLab", "DelagateLab\DelagateLab.csproj", "{16941FF6-46E2-49DE-8ED0-4EB06BC8BA67}"
EndProject
Global
	GlobalSection(SolutionConfigurationPlatforms) = preSolution
		Debug|Any CPU = Debug|Any CPU
		Release|Any CPU = Release|Any CPU
	EndGlobalSection
	GlobalSection(ProjectConfigurationPlatforms) = postSolution
		{16941FF6-46E2-49DE-8ED0-4EB06BC8BA67}.Debug|Any CPU.ActiveCfg = Debug|Any CPU
		{16941FF6-46E2-49DE-8ED0-4EB06BC8BA67}.Debug|Any CPU.Build.0 = Debug|Any CPU
		{16941FF6-46E2-49DE-8ED0-4EB06BC8BA67}.Release|Any CPU.ActiveCfg = Release|Any CPU
		{16941FF6-46E2-49DE-8ED0-4EB06BC8BA67}.Release|Any CPU.Build.0 = Release|Any CPU
	EndGlobalSection
	GlobalSection(SolutionProperties) = preSolution
		HideSolutionNode = FALSE
	EndGlobalSection
	GlobalSection(ExtensibilityGlobals) = postSolution
		SolutionGuid = {486F511A-40EF-4A95-9473-A76825B56F1A}
	EndGlobalSection
EndGlobal
